{
  "name": "dsh-bill",
  "version": "0.16.0",
  "lockfileVersion": 3,
  "requires": true,
  "packages": {
    "": {
      "name": "dsh-bill",
      "version": "0.16.0",
      "license": "MIT",
      "dependencies": {
        "llm-pricing": "^0.18.0"
      },
      "engines": {
        "node": ">=20"
      },
      "peerDependencies": {
        "@deepseek-ai/dsh-atomic-write": "*",
        "@deepseek-ai/dsh-tools": "*"
      },
      "peerDependenciesMeta": {
        "@deepseek-ai/dsh-atomic-write": {
          "optional": true
        },
        "@deepseek-ai/dsh-tools": {
          "optional": true
        }
      }
    },
    "node_modules/llm-pricing": {
      "version": "0.18.0",
      "resolved": "https://registry.npmjs.org/llm-pricing/-/llm-pricing-0.18.0.tgz",
      "integrity": "sha512-6Ayye19McxaDkbycqIj15jJkiJSzi7D0u4PrDWfIkELpOE9UFboVFtKjs6a850xqZydAWrnfHhcpuskQQRISJw==",
      "license": "MIT",
      "engines": {
        "node": ">=20"
      }
    }
  }
}
